
Microsoft Visual Studio Solution File, Format Version 12.00
# Visual Studio Version 17
VisualStudioVersion = 17.10.35013.160
MinimumVisualStudioVersion = 10.0.40219.1
Project("{FAE04EC0-301F-11D3-BF4B-00C04F79EFBC}") = "BankShibaevaAnna322", "BankShibaevaAnna322\BankShibaevaAnna322.csproj", "{257B2A9E-4B93-47D5-808C-13D6FE302F49}"
EndProject
Project("{FAE04EC0-301F-11D3-BF4B-00C04F79EFBC}") = "UnitTestProject", "UnitTestProject\UnitTestProject.csproj", "{667A7D90-154F-4320-A323-30BDE902EBE0}"
EndProject
Global
	GlobalSection(SolutionConfigurationPlatforms) = preSolution
		Debug|Any CPU = Debug|Any CPU
		Release|Any CPU = Release|Any CPU
	EndGlobalSection
	GlobalSection(ProjectConfigurationPlatforms) = postSolution
		{257B2A9E-4B93-47D5-808C-13D6FE302F49}.Debug|Any CPU.ActiveCfg = Debug|Any CPU
		{257B2A9E-4B93-47D5-808C-13D6FE302F49}.Debug|Any CPU.Build.0 = Debug|Any CPU
		{257B2A9E-4B93-47D5-808C-13D6FE302F49}.Release|Any CPU.ActiveCfg = Release|Any CPU
		{257B2A9E-4B93-47D5-808C-13D6FE302F49}.Release|Any CPU.Build.0 = Release|Any CPU
		{667A7D90-154F-4320-A323-30BDE902EBE0}.Debug|Any CPU.ActiveCfg = Debug|Any CPU
		{667A7D90-154F-4320-A323-30BDE902EBE0}.Debug|Any CPU.Build.0 = Debug|Any CPU
		{667A7D90-154F-4320-A323-30BDE902EBE0}.Release|Any CPU.ActiveCfg = Release|Any CPU
		{667A7D90-154F-4320-A323-30BDE902EBE0}.Release|Any CPU.Build.0 = Release|Any CPU
	EndGlobalSection
	GlobalSection(SolutionProperties) = preSolution
		HideSolutionNode = FALSE
	EndGlobalSection
	GlobalSection(ExtensibilityGlobals) = postSolution
		SolutionGuid = {2ECBDBA0-9645-4998-83A5-9FC81629A237}
	EndGlobalSection
EndGlobal
